Microsoft Visual Studio Solution File, Format Version 12.00
# Visual Studio Version 17
VisualStudioVersion = 17.8.34408.163
MinimumVisualStudioVersion = 10.0.40219.1
Project("{FAE04EC0-301F-11D3-BF4B-00C04F79EFBC}") = "AudioControlPlugin", "AudioControlPlugin\AudioControlPlugin.csproj", "{ACFFFB6A-A407-4936-989C-7B83FB71BFE8}"
EndProject
Project("{FAE04EC0-301F-11D3-BF4B-00C04F79EFBC}") = "WindowsInterop", "WindowsInterop\WindowsInterop.csproj", "{426F10F4-889C-4E26-BBDE-45C3A01A6B12}"
EndProject
Global
	GlobalSection(SolutionConfigurationPlatforms) = preSolution
		Debug|Any CPU = Debug|Any CPU
		Release|Any CPU = Release|Any CPU
	EndGlobalSection
	GlobalSection(ProjectConfigurationPlatforms) = postSolution
		{ACFFFB6A-A407-4936-989C-7B83FB71BFE8}.Debug|Any CPU.ActiveCfg = Debug|Any CPU
		{ACFFFB6A-A407-4936-989C-7B83FB71BFE8}.Debug|Any CPU.Build.0 = Debug|Any CPU
		{ACFFFB6A-A407-4936-989C-7B83FB71BFE8}.Release|Any CPU.ActiveCfg = Release|Any CPU
		{ACFFFB6A-A407-4936-989C-7B83FB71BFE8}.Release|Any CPU.Build.0 = Release|Any CPU
		{426F10F4-889C-4E26-BBDE-45C3A01A6B12}.Debug|Any CPU.ActiveCfg = Debug|Any CPU
		{426F10F4-889C-4E26-BBDE-45C3A01A6B12}.Debug|Any CPU.Build.0 = Debug|Any CPU
		{426F10F4-889C-4E26-BBDE-45C3A01A6B12}.Release|Any CPU.ActiveCfg = Release|Any CPU
		{426F10F4-889C-4E26-BBDE-45C3A01A6B12}.Release|Any CPU.Build.0 = Release|Any CPU
	EndGlobalSection
	GlobalSection(SolutionProperties) = preSolution
		HideSolutionNode = FALSE
	EndGlobalSection
	GlobalSection(ExtensibilityGlobals) = postSolution
		SolutionGuid = {7EEE343F-5C4B-4141-B4D2-8A601FA726A9}
	EndGlobalSection
EndGlobal
