Microsoft Visual Studio Solution File, Format Version 12.00
# Visual Studio Version 17
VisualStudioVersion = 17.8.34408.163
MinimumVisualStudioVersion = 10.0.40219.1
Project("{FAE04EC0-301F-11D3-BF4B-00C04F79EFBC}") = "AudioControlPlugin", "AudioControlPlugin\AudioControlPlugin.csproj", "{ACFFFB6A-A407-4936-989C-7B83FB71BFE8}"
EndProject
Project("{FAE04EC0-301F-11D3-BF4B-00C04F79EFBC}") = "WindowsCoreAudio", "WindowsCoreAudio\WindowsCoreAudio.csproj", "{C1694733-E61F-48A6-B497-BE164CC1909C}"
EndProject
Global
	GlobalSection(SolutionConfigurationPlatforms) = preSolution
		Debug|Any CPU = Debug|Any CPU
		Release|Any CPU = Release|Any CPU
	EndGlobalSection
	GlobalSection(ProjectConfigurationPlatforms) = postSolution
		{ACFFFB6A-A407-4936-989C-7B83FB71BFE8}.Debug|Any CPU.ActiveCfg = Debug|Any CPU
		{ACFFFB6A-A407-4936-989C-7B83FB71BFE8}.Debug|Any CPU.Build.0 = Debug|Any CPU
		{ACFFFB6A-A407-4936-989C-7B83FB71BFE8}.Release|Any CPU.ActiveCfg = Release|Any CPU
		{ACFFFB6A-A407-4936-989C-7B83FB71BFE8}.Release|Any CPU.Build.0 = Release|Any CPU
		{C1694733-E61F-48A6-B497-BE164CC1909C}.Debug|Any CPU.ActiveCfg = Debug|Any CPU
		{C1694733-E61F-48A6-B497-BE164CC1909C}.Debug|Any CPU.Build.0 = Debug|Any CPU
		{C1694733-E61F-48A6-B497-BE164CC1909C}.Release|Any CPU.ActiveCfg = Release|Any CPU
		{C1694733-E61F-48A6-B497-BE164CC1909C}.Release|Any CPU.Build.0 = Release|Any CPU
	EndGlobalSection
	GlobalSection(SolutionProperties) = preSolution
		HideSolutionNode = FALSE
	EndGlobalSection
	GlobalSection(ExtensibilityGlobals) = postSolution
		SolutionGuid = {7EEE343F-5C4B-4141-B4D2-8A601FA726A9}
	EndGlobalSection
EndGlobal
